// !$*UTF8*$!
{
	archiveVersion = 1;
	classes = {
	};
	objectVersion = 46;
	objects = {

/* Begin PBXBuildFile section */
		353C2B081D23E4EE009D7968 /* AppDelegate.swift in Sources */ = {isa = PBXBuildFile; fileRef = 353C2B071D23E4EE009D7968 /* AppDelegate.swift */; };
		353C2B0D1D23E4EE009D7968 /* Main.storyboard in Resources */ = {isa = PBXBuildFile; fileRef = 353C2B0B1D23E4EE009D7968 /* Main.storyboard */; };
		353C2B0F1D23E4EE009D7968 /* Assets.xcassets in Resources */ = {isa = PBXBuildFile; fileRef = 353C2B0E1D23E4EE009D7968 /* Assets.xcassets */; };
		353C2B121D23E4EE009D7968 /* LaunchScreen.storyboard in Resources */ = {isa = PBXBuildFile; fileRef = 353C2B101D23E4EE009D7968 /* LaunchScreen.storyboard */; };
		353C2B1D1D23E4F0009D7968 /* happerTests.swift in Sources */ = {isa = PBXBuildFile; fileRef = 353C2B1C1D23E4F0009D7968 /* happerTests.swift */; };
		353C2B291D23E6EA009D7968 /* User.swift in Sources */ = {isa = PBXBuildFile; fileRef = 353C2B281D23E6EA009D7968 /* User.swift */; };
		353C2B311D23F1D0009D7968 /* Selfie.swift in Sources */ = {isa = PBXBuildFile; fileRef = 353C2B301D23F1D0009D7968 /* Selfie.swift */; };
		353C2B331D23F53F009D7968 /* Product.swift in Sources */ = {isa = PBXBuildFile; fileRef = 353C2B321D23F53F009D7968 /* Product.swift */; };
		357046931D50AD53003F87DC /* RatingControl.swift in Sources */ = {isa = PBXBuildFile; fileRef = 357046921D50AD53003F87DC /* RatingControl.swift */; };
		357046951D536E5D003F87DC /* HappieView.swift in Sources */ = {isa = PBXBuildFile; fileRef = 357046941D536E5D003F87DC /* HappieView.swift */; };
		357046971D53867C003F87DC /* HapperLogo.swift in Sources */ = {isa = PBXBuildFile; fileRef = 357046961D53867C003F87DC /* HapperLogo.swift */; };
		3570469B1D549F20003F87DC /* SelfieDetailsVC.swift in Sources */ = {isa = PBXBuildFile; fileRef = 3570469A1D549F20003F87DC /* SelfieDetailsVC.swift */; };
		3587981E1D2E5B710038AAA8 /* NewsFeedCell.swift in Sources */ = {isa = PBXBuildFile; fileRef = 3587981D1D2E5B710038AAA8 /* NewsFeedCell.swift */; };
		35D4F13A1D24016E00BEA8E1 /* MainPageVC.swift in Sources */ = {isa = PBXBuildFile; fileRef = 35D4F1391D24016E00BEA8E1 /* MainPageVC.swift */; };
		35D4F13C1D24019A00BEA8E1 /* SignUpVC.swift in Sources */ = {isa = PBXBuildFile; fileRef = 35D4F13B1D24019A00BEA8E1 /* SignUpVC.swift */; };
		35D4F13E1D2401C400BEA8E1 /* LoginVC.swift in Sources */ = {isa = PBXBuildFile; fileRef = 35D4F13D1D2401C400BEA8E1 /* LoginVC.swift */; };
		35D4F1401D2408E000BEA8E1 /* InspirationVC.swift in Sources */ = {isa = PBXBuildFile; fileRef = 35D4F13F1D2408E000BEA8E1 /* InspirationVC.swift */; };
		35D4F1421D24099A00BEA8E1 /* NewsFeedVC.swift in Sources */ = {isa = PBXBuildFile; fileRef = 35D4F1411D24099A00BEA8E1 /* NewsFeedVC.swift */; };
		35D4F1451D240A3400BEA8E1 /* DressingVC.swift in Sources */ = {isa = PBXBuildFile; fileRef = 35D4F1441D240A3400BEA8E1 /* DressingVC.swift */; };
		35D4F1471D240A4900BEA8E1 /* AccountVC.swift in Sources */ = {isa = PBXBuildFile; fileRef = 35D4F1461D240A4900BEA8E1 /* AccountVC.swift */; };
		35D4F1501D240CC000BEA8E1 /* HapplikeVC.swift in Sources */ = {isa = PBXBuildFile; fileRef = 35D4F14F1D240CC000BEA8E1 /* HapplikeVC.swift */; };
		35D4F1541D240CF700BEA8E1 /* FriendsVC.swift in Sources */ = {isa = PBXBuildFile; fileRef = 35D4F1531D240CF700BEA8E1 /* FriendsVC.swift */; };
		35D4F1581D240F1A00BEA8E1 /* ProductDetailsVC.swift in Sources */ = {isa = PBXBuildFile; fileRef = 35D4F1571D240F1A00BEA8E1 /* ProductDetailsVC.swift */; };
		35D4F1631D25482600BEA8E1 /* FBSDKLoginButtonFR.swift in Sources */ = {isa = PBXBuildFile; fileRef = 35D4F1621D25482600BEA8E1 /* FBSDKLoginButtonFR.swift */; };
		35D4F1651D26AE1F00BEA8E1 /* InspiClass.swift in Sources */ = {isa = PBXBuildFile; fileRef = 35D4F1641D26AE1F00BEA8E1 /* InspiClass.swift */; };
		35D4F1671D26B5ED00BEA8E1 /* CategoryCell.swift in Sources */ = {isa = PBXBuildFile; fileRef = 35D4F1661D26B5ED00BEA8E1 /* CategoryCell.swift */; };
		55015E571D9AB9700063459F /* SelfieWorker.swift in Sources */ = {isa = PBXBuildFile; fileRef = 55015E561D9AB9700063459F /* SelfieWorker.swift */; };
		5521FC8A1D87116C002812C1 /* DressingCollectionViewCell.swift in Sources */ = {isa = PBXBuildFile; fileRef = 5521FC891D87116C002812C1 /* DressingCollectionViewCell.swift */; };
		557D4F521D50E708001D26BC /* MenuVC.swift in Sources */ = {isa = PBXBuildFile; fileRef = 557D4F511D50E708001D26BC /* MenuVC.swift */; };
		55A6D11E1DDDC98C0071C472 /* Didot.ttf in Resources */ = {isa = PBXBuildFile; fileRef = 55A6D11A1DDDC98C0071C472 /* Didot.ttf */; };
		55A6D11F1DDDC98D0071C472 /* FuturaStdMedium.otf in Resources */ = {isa = PBXBuildFile; fileRef = 55A6D11B1DDDC98C0071C472 /* FuturaStdMedium.otf */; };
		55A6D1201DDDC98D0071C472 /* NeutraTextBook.otf in Resources */ = {isa = PBXBuildFile; fileRef = 55A6D11C1DDDC98C0071C472 /* NeutraTextBook.otf */; };
		55A6D1211DDDC98D0071C472 /* RemachineScript.ttf in Resources */ = {isa = PBXBuildFile; fileRef = 55A6D11D1DDDC98C0071C472 /* RemachineScript.ttf */; };
		55DE4A8F1DDC841E00938995 /* BottomBorderedTextField.swift in Sources */ = {isa = PBXBuildFile; fileRef = 55DE4A8E1DDC841E00938995 /* BottomBorderedTextField.swift */; };
		55E189D61D74741300A4FF6F /* CropVC.swift in Sources */ = {isa = PBXBuildFile; fileRef = 55E189D51D74741300A4FF6F /* CropVC.swift */; };
		55E189D81D74795700A4FF6F /* HashtagVC.swift in Sources */ = {isa = PBXBuildFile; fileRef = 55E189D71D74795700A4FF6F /* HashtagVC.swift */; };
		55ED74D51D92E52F00DCA3A6 /* Api.swift in Sources */ = {isa = PBXBuildFile; fileRef = 55ED74D41D92E52F00DCA3A6 /* Api.swift */; };
		55ED74D71D92E58200DCA3A6 /* Api+User.swift in Sources */ = {isa = PBXBuildFile; fileRef = 55ED74D61D92E58200DCA3A6 /* Api+User.swift */; };
		55ED74D91D92E5B100DCA3A6 /* Api+Selfie.swift in Sources */ = {isa = PBXBuildFile; fileRef = 55ED74D81D92E5B100DCA3A6 /* Api+Selfie.swift */; };
		55ED74DB1D92E6AF00DCA3A6 /* Api+Product.swift in Sources */ = {isa = PBXBuildFile; fileRef = 55ED74DA1D92E6AF00DCA3A6 /* Api+Product.swift */; };
		60119B003DF617331FEA6318 /* Pods_happer.framework in Frameworks */ = {isa = PBXBuildFile; fileRef = 381809FD96EFD4DD77C7A7EB /* Pods_happer.framework */; };
		E6E4F02A18D487593E7C4F39 /* Pods_happerTests.framework in Frameworks */ = {isa = PBXBuildFile; fileRef = F63C602DCD4EAD0426741B82 /* Pods_happerTests.framework */; };
		FC05BA5E1D89841E00802025 /* Login.storyboard in Resources */ = {isa = PBXBuildFile; fileRef = FC05BA5D1D89841E00802025 /* Login.storyboard */; };
		FC05BA601D8985A300802025 /* Happies.storyboard in Resources */ = {isa = PBXBuildFile; fileRef = FC05BA5F1D8985A300802025 /* Happies.storyboard */; };
		FC05BA621D8987B900802025 /* UserPages.storyboard in Resources */ = {isa = PBXBuildFile; fileRef = FC05BA611D8987B900802025 /* UserPages.storyboard */; };
		FC0C70D91D90346F002AA0F6 /* AuthentInteractor.swift in Sources */ = {isa = PBXBuildFile; fileRef = FC0C70D81D90346F002AA0F6 /* AuthentInteractor.swift */; };
		FC0C70DB1D903474002AA0F6 /* AuthentPresenter.swift in Sources */ = {isa = PBXBuildFile; fileRef = FC0C70DA1D903474002AA0F6 /* AuthentPresenter.swift */; };
		FC0ED3751DA25AA200115DA2 /* Session.swift in Sources */ = {isa = PBXBuildFile; fileRef = FC0ED3741DA25AA200115DA2 /* Session.swift */; };
		FC2292621DCA20EF00B42319 /* BaseMenuViewController.swift in Sources */ = {isa = PBXBuildFile; fileRef = FC2292611DCA20EF00B42319 /* BaseMenuViewController.swift */; };
		FC2292641DCA215500B42319 /* MenuViewController.swift in Sources */ = {isa = PBXBuildFile; fileRef = FC2292631DCA215500B42319 /* MenuViewController.swift */; };
		FC359A4C1D9A663000030C7D /* TaggableImageView.swift in Sources */ = {isa = PBXBuildFile; fileRef = FC359A4B1D9A663000030C7D /* TaggableImageView.swift */; };
		FC4701821DA2A1A200417B81 /* ProductCircleVC.swift in Sources */ = {isa = PBXBuildFile; fileRef = FC4701811DA2A1A200417B81 /* ProductCircleVC.swift */; };
		FC4701841DA2A39C00417B81 /* ProductVC.swift in Sources */ = {isa = PBXBuildFile; fileRef = FC4701831DA2A39C00417B81 /* ProductVC.swift */; };
		FC4701861DA2A52600417B81 /* Product.storyboard in Resources */ = {isa = PBXBuildFile; fileRef = FC4701851DA2A52600417B81 /* Product.storyboard */; };
		FC57A93C1DA266F80023DF14 /* ProductWorker.swift in Sources */ = {isa = PBXBuildFile; fileRef = FC57A93B1DA266F80023DF14 /* ProductWorker.swift */; };
		FC664ECF1DA3A0BE00CEF9D8 /* MyRouter.swift in Sources */ = {isa = PBXBuildFile; fileRef = FC664ECE1DA3A0BE00CEF9D8 /* MyRouter.swift */; };
		FC664ED11DA3DC0D00CEF9D8 /* ProductPageVC.swift in Sources */ = {isa = PBXBuildFile; fileRef = FC664ED01DA3DC0D00CEF9D8 /* ProductPageVC.swift */; };
		FC664ED31DA3DD5000CEF9D8 /* ProductCollectionViewCell.swift in Sources */ = {isa = PBXBuildFile; fileRef = FC664ED21DA3DD5000CEF9D8 /* ProductCollectionViewCell.swift */; };
		FC6BE3AC1DA504EC003B733F /* ProductHeaderCollectionReusableView.swift in Sources */ = {isa = PBXBuildFile; fileRef = FC6BE3AB1DA504EC003B733F /* ProductHeaderCollectionReusableView.swift */; };
		FC7C3BDE1DA28A0600014F6D /* ProductInteractor.swift in Sources */ = {isa = PBXBuildFile; fileRef = FC7C3BDC1DA28A0600014F6D /* ProductInteractor.swift */; };
		FC7C3BDF1DA28A0600014F6D /* ProductPresenter.swift in Sources */ = {isa = PBXBuildFile; fileRef = FC7C3BDD1DA28A0600014F6D /* ProductPresenter.swift */; };
		FC9ED5DC1D9BB8F5005F031C /* UserWorker.swift in Sources */ = {isa = PBXBuildFile; fileRef = FC9ED5DB1D9BB8F5005F031C /* UserWorker.swift */; };
		FCC671A11DB618100093C592 /* SelfieViewController.swift in Sources */ = {isa = PBXBuildFile; fileRef = FCC671A01DB618100093C592 /* SelfieViewController.swift */; };
		FCC671A51DB6514F0093C592 /* SelfieTagViewController.swift in Sources */ = {isa = PBXBuildFile; fileRef = FCC671A41DB6514F0093C592 /* SelfieTagViewController.swift */; };
		FCC9B1AB1DD9BF8F00E1A0E3 /* NewsFeedInteractor.swift in Sources */ = {isa = PBXBuildFile; fileRef = FCC9B1AA1DD9BF8F00E1A0E3 /* NewsFeedInteractor.swift */; };
		FCC9B1AD1DD9BF9D00E1A0E3 /* NewsFeedPresenter.swift in Sources */ = {isa = PBXBuildFile; fileRef = FCC9B1AC1DD9BF9D00E1A0E3 /* NewsFeedPresenter.swift */; };
		FCC9B1AF1DD9BFAC00E1A0E3 /* NewsFeedWorker.swift in Sources */ = {isa = PBXBuildFile; fileRef = FCC9B1AE1DD9BFAC00E1A0E3 /* NewsFeedWorker.swift */; };
		FCDC61AE1DAE2AF800A41003 /* BidView.swift in Sources */ = {isa = PBXBuildFile; fileRef = FCDC61AD1DAE2AF800A41003 /* BidView.swift */; };
		FCE4C7B91DC9F42600E023D8 /* ProductDetailsBidTableViewCell.swift in Sources */ = {isa = PBXBuildFile; fileRef = FCE4C7B81DC9F42600E023D8 /* ProductDetailsBidTableViewCell.swift */; };
		FCE4C7BB1DC9FA2200E023D8 /* ProductDetailsDescTableViewCell.swift in Sources */ = {isa = PBXBuildFile; fileRef = FCE4C7BA1DC9FA2200E023D8 /* ProductDetailsDescTableViewCell.swift */; };
		FCE4C7BD1DC9FF2800E023D8 /* ProductDetailsHeaderTableViewCell.swift in Sources */ = {isa = PBXBuildFile; fileRef = FCE4C7BC1DC9FF2800E023D8 /* ProductDetailsHeaderTableViewCell.swift */; };
		FCEF9EB11D99045000CF3B95 /* DAL.swift in Sources */ = {isa = PBXBuildFile; fileRef = FCEF9EAD1D99045000CF3B95 /* DAL.swift */; };
		FCEF9EB21D99045000CF3B95 /* DAL+Product.swift in Sources */ = {isa = PBXBuildFile; fileRef = FCEF9EAE1D99045000CF3B95 /* DAL+Product.swift */; };
		FCEF9EB31D99045000CF3B95 /* DAL+Selfie.swift in Sources */ = {isa = PBXBuildFile; fileRef = FCEF9EAF1D99045000CF3B95 /* DAL+Selfie.swift */; };
		FCEF9EB41D99045000CF3B95 /* DAL+User.swift in Sources */ = {isa = PBXBuildFile; fileRef = FCEF9EB01D99045000CF3B95 /* DAL+User.swift */; };
/* End PBXBuildFile section */

/* Begin PBXContainerItemProxy section */
		353C2B191D23E4F0009D7968 /* PBXContainerItemProxy */ = {
			isa = PBXContainerItemProxy;
			containerPortal = 353C2AFC1D23E4ED009D7968 /* Project object */;
			proxyType = 1;
			remoteGlobalIDString = 353C2B031D23E4ED009D7968;
			remoteInfo = happer;
		};
/* End PBXContainerItemProxy section */

/* Begin PBXFileReference section */
		1AE68F8F3E77D14154054537 /* Pods-happer.release.xcconfig */ = {isa = PBXFileReference; includeInIndex = 1; lastKnownFileType = text.xcconfig; name = "Pods-happer.release.xcconfig"; path = "Pods/Target Support Files/Pods-happer/Pods-happer.release.xcconfig"; sourceTree = "<group>"; };
		353C2B041D23E4ED009D7968 /* happer.app */ = {isa = PBXFileReference; explicitFileType = wrapper.application; includeInIndex = 0; path = happer.app; sourceTree = BUILT_PRODUCTS_DIR; };
		353C2B071D23E4EE009D7968 /* AppDelegate.swift */ = {isa = PBXFileReference; lastKnownFileType = sourcecode.swift; path = AppDelegate.swift; sourceTree = "<group>"; };
		353C2B0C1D23E4EE009D7968 /* Base */ = {isa = PBXFileReference; lastKnownFileType = file.storyboard; name = Base; path = Base.lproj/Main.storyboard; sourceTree = "<group>"; };
		353C2B0E1D23E4EE009D7968 /* Assets.xcassets */ = {isa = PBXFileReference; lastKnownFileType = folder.assetcatalog; path = Assets.xcassets; sourceTree = "<group>"; };
		353C2B111D23E4EE009D7968 /* Base */ = {isa = PBXFileReference; lastKnownFileType = file.storyboard; name = Base; path = Base.lproj/LaunchScreen.storyboard; sourceTree = "<group>"; };
		353C2B131D23E4EE009D7968 /* Info.plist */ = {isa = PBXFileReference; lastKnownFileType = text.plist.xml; path = Info.plist; sourceTree = "<group>"; };
		353C2B181D23E4F0009D7968 /* happerTests.xctest */ = {isa = PBXFileReference; explicitFileType = wrapper.cfbundle; includeInIndex = 0; path = happerTests.xctest; sourceTree = BUILT_PRODUCTS_DIR; };
		353C2B1C1D23E4F0009D7968 /* happerTests.swift */ = {isa = PBXFileReference; lastKnownFileType = sourcecode.swift; path = happerTests.swift; sourceTree = "<group>"; };
		353C2B1E1D23E4F0009D7968 /* Info.plist */ = {isa = PBXFileReference; lastKnownFileType = text.plist.xml; path = Info.plist; sourceTree = "<group>"; };
		353C2B281D23E6EA009D7968 /* User.swift */ = {isa = PBXFileReference; fileEncoding = 4; lastKnownFileType = sourcecode.swift; path = User.swift; sourceTree = "<group>"; };
		353C2B301D23F1D0009D7968 /* Selfie.swift */ = {isa = PBXFileReference; fileEncoding = 4; lastKnownFileType = sourcecode.swift; path = Selfie.swift; sourceTree = "<group>"; };
		353C2B321D23F53F009D7968 /* Product.swift */ = {isa = PBXFileReference; fileEncoding = 4; lastKnownFileType = sourcecode.swift; path = Product.swift; sourceTree = "<group>"; };
		357046921D50AD53003F87DC /* RatingControl.swift */ = {isa = PBXFileReference; fileEncoding = 4; lastKnownFileType = sourcecode.swift; path = RatingControl.swift; sourceTree = "<group>"; };
		357046941D536E5D003F87DC /* HappieView.swift */ = {isa = PBXFileReference; fileEncoding = 4; lastKnownFileType = sourcecode.swift; path = HappieView.swift; sourceTree = "<group>"; };
		357046961D53867C003F87DC /* HapperLogo.swift */ = {isa = PBXFileReference; fileEncoding = 4; lastKnownFileType = sourcecode.swift; path = HapperLogo.swift; sourceTree = "<group>"; };
		3570469A1D549F20003F87DC /* SelfieDetailsVC.swift */ = {isa = PBXFileReference; fileEncoding = 4; lastKnownFileType = sourcecode.swift; path = SelfieDetailsVC.swift; sourceTree = "<group>"; };
		3587981D1D2E5B710038AAA8 /* NewsFeedCell.swift */ = {isa = PBXFileReference; fileEncoding = 4; lastKnownFileType = sourcecode.swift; path = NewsFeedCell.swift; sourceTree = "<group>"; };
		35D4F1391D24016E00BEA8E1 /* MainPageVC.swift */ = {isa = PBXFileReference; fileEncoding = 4; lastKnownFileType = sourcecode.swift; path = MainPageVC.swift; sourceTree = "<group>"; };
		35D4F13B1D24019A00BEA8E1 /* SignUpVC.swift */ = {isa = PBXFileReference; fileEncoding = 4; lastKnownFileType = sourcecode.swift; path = SignUpVC.swift; sourceTree = "<group>"; };
		35D4F13D1D2401C400BEA8E1 /* LoginVC.swift */ = {isa = PBXFileReference; fileEncoding = 4; lastKnownFileType = sourcecode.swift; path = LoginVC.swift; sourceTree = "<group>"; };
		35D4F13F1D2408E000BEA8E1 /* InspirationVC.swift */ = {isa = PBXFileReference; fileEncoding = 4; lastKnownFileType = sourcecode.swift; path = InspirationVC.swift; sourceTree = "<group>"; };
		35D4F1411D24099A00BEA8E1 /* NewsFeedVC.swift */ = {isa = PBXFileReference; fileEncoding = 4; lastKnownFileType = sourcecode.swift; path = NewsFeedVC.swift; sourceTree = "<group>"; };
		35D4F1441D240A3400BEA8E1 /* DressingVC.swift */ = {isa = PBXFileReference; fileEncoding = 4; lastKnownFileType = sourcecode.swift; path = DressingVC.swift; sourceTree = "<group>"; };
		35D4F1461D240A4900BEA8E1 /* AccountVC.swift */ = {isa = PBXFileReference; fileEncoding = 4; lastKnownFileType = sourcecode.swift; path = AccountVC.swift; sourceTree = "<group>"; };
		35D4F14F1D240CC000BEA8E1 /* HapplikeVC.swift */ = {isa = PBXFileReference; fileEncoding = 4; lastKnownFileType = sourcecode.swift; path = HapplikeVC.swift; sourceTree = "<group>"; };
		35D4F1531D240CF700BEA8E1 /* FriendsVC.swift */ = {isa = PBXFileReference; fileEncoding = 4; lastKnownFileType = sourcecode.swift; path = FriendsVC.swift; sourceTree = "<group>"; };
		35D4F1571D240F1A00BEA8E1 /* ProductDetailsVC.swift */ = {isa = PBXFileReference; fileEncoding = 4; lastKnownFileType = sourcecode.swift; path = ProductDetailsVC.swift; sourceTree = "<group>"; };
		35D4F1621D25482600BEA8E1 /* FBSDKLoginButtonFR.swift */ = {isa = PBXFileReference; fileEncoding = 4; lastKnownFileType = sourcecode.swift; path = FBSDKLoginButtonFR.swift; sourceTree = "<group>"; };
		35D4F1641D26AE1F00BEA8E1 /* InspiClass.swift */ = {isa = PBXFileReference; fileEncoding = 4; lastKnownFileType = sourcecode.swift; path = InspiClass.swift; sourceTree = "<group>"; };
		35D4F1661D26B5ED00BEA8E1 /* CategoryCell.swift */ = {isa = PBXFileReference; fileEncoding = 4; lastKnownFileType = sourcecode.swift; path = CategoryCell.swift; sourceTree = "<group>"; };
		381809FD96EFD4DD77C7A7EB /* Pods_happer.framework */ = {isa = PBXFileReference; explicitFileType = wrapper.framework; includeInIndex = 0; path = Pods_happer.framework; sourceTree = BUILT_PRODUCTS_DIR; };
		55015E561D9AB9700063459F /* SelfieWorker.swift */ = {isa = PBXFileReference; fileEncoding = 4; lastKnownFileType = sourcecode.swift; path = SelfieWorker.swift; sourceTree = "<group>"; };
		5521FC891D87116C002812C1 /* DressingCollectionViewCell.swift */ = {isa = PBXFileReference; fileEncoding = 4; lastKnownFileType = sourcecode.swift; path = DressingCollectionViewCell.swift; sourceTree = "<group>"; };
		557D4F511D50E708001D26BC /* MenuVC.swift */ = {isa = PBXFileReference; fileEncoding = 4; lastKnownFileType = sourcecode.swift; path = MenuVC.swift; sourceTree = "<group>"; };
		55A6D11A1DDDC98C0071C472 /* Didot.ttf */ = {isa = PBXFileReference; lastKnownFileType = file; name = Didot.ttf; path = ../Didot.ttf; sourceTree = "<group>"; };
		55A6D11B1DDDC98C0071C472 /* FuturaStdMedium.otf */ = {isa = PBXFileReference; lastKnownFileType = file; name = FuturaStdMedium.otf; path = ../FuturaStdMedium.otf; sourceTree = "<group>"; };
		55A6D11C1DDDC98C0071C472 /* NeutraTextBook.otf */ = {isa = PBXFileReference; lastKnownFileType = file; name = NeutraTextBook.otf; path = ../NeutraTextBook.otf; sourceTree = "<group>"; };
		55A6D11D1DDDC98C0071C472 /* RemachineScript.ttf */ = {isa = PBXFileReference; lastKnownFileType = file; name = RemachineScript.ttf; path = ../RemachineScript.ttf; sourceTree = "<group>"; };
		55DE4A8E1DDC841E00938995 /* BottomBorderedTextField.swift */ = {isa = PBXFileReference; fileEncoding = 4; lastKnownFileType = sourcecode.swift; path = BottomBorderedTextField.swift; sourceTree = "<group>"; };
		55E189D51D74741300A4FF6F /* CropVC.swift */ = {isa = PBXFileReference; fileEncoding = 4; lastKnownFileType = sourcecode.swift; path = CropVC.swift; sourceTree = "<group>"; };
		55E189D71D74795700A4FF6F /* HashtagVC.swift */ = {isa = PBXFileReference; fileEncoding = 4; lastKnownFileType = sourcecode.swift; path = HashtagVC.swift; sourceTree = "<group>"; };
		55ED74D41D92E52F00DCA3A6 /* Api.swift */ = {isa = PBXFileReference; fileEncoding = 4; lastKnownFileType = sourcecode.swift; path = Api.swift; sourceTree = "<group>"; };
		55ED74D61D92E58200DCA3A6 /* Api+User.swift */ = {isa = PBXFileReference; fileEncoding = 4; lastKnownFileType = sourcecode.swift; path = "Api+User.swift"; sourceTree = "<group>"; };
		55ED74D81D92E5B100DCA3A6 /* Api+Selfie.swift */ = {isa = PBXFileReference; fileEncoding = 4; lastKnownFileType = sourcecode.swift; path = "Api+Selfie.swift"; sourceTree = "<group>"; };
		55ED74DA1D92E6AF00DCA3A6 /* Api+Product.swift */ = {isa = PBXFileReference; fileEncoding = 4; lastKnownFileType = sourcecode.swift; path = "Api+Product.swift"; sourceTree = "<group>"; };
		78E463FC25164351D218B324 /* Pods-happerTests.debug.xcconfig */ = {isa = PBXFileReference; includeInIndex = 1; lastKnownFileType = text.xcconfig; name = "Pods-happerTests.debug.xcconfig"; path = "Pods/Target Support Files/Pods-happerTests/Pods-happerTests.debug.xcconfig"; sourceTree = "<group>"; };
		C928F85F8DAE7B7DB97FFE0E /* Pods-happer.debug.xcconfig */ = {isa = PBXFileReference; includeInIndex = 1; lastKnownFileType = text.xcconfig; name = "Pods-happer.debug.xcconfig"; path = "Pods/Target Support Files/Pods-happer/Pods-happer.debug.xcconfig"; sourceTree = "<group>"; };
		E53BCCF9E20D2B9C4FD67041 /* Pods-happerTests.release.xcconfig */ = {isa = PBXFileReference; includeInIndex = 1; lastKnownFileType = text.xcconfig; name = "Pods-happerTests.release.xcconfig"; path = "Pods/Target Support Files/Pods-happerTests/Pods-happerTests.release.xcconfig"; sourceTree = "<group>"; };
		F63C602DCD4EAD0426741B82 /* Pods_happerTests.framework */ = {isa = PBXFileReference; explicitFileType = wrapper.framework; includeInIndex = 0; path = Pods_happerTests.framework; sourceTree = BUILT_PRODUCTS_DIR; };
		FC05BA5D1D89841E00802025 /* Login.storyboard */ = {isa = PBXFileReference; fileEncoding = 4; lastKnownFileType = file.storyboard; path = Login.storyboard; sourceTree = "<group>"; };
		FC05BA5F1D8985A300802025 /* Happies.storyboard */ = {isa = PBXFileReference; fileEncoding = 4; lastKnownFileType = file.storyboard; path = Happies.storyboard; sourceTree = "<group>"; };
		FC05BA611D8987B900802025 /* UserPages.storyboard */ = {isa = PBXFileReference; fileEncoding = 4; lastKnownFileType = file.storyboard; path = UserPages.storyboard; sourceTree = "<group>"; };
		FC06300C1DD0873900E1383B /* happer.entitlements */ = {isa = PBXFileReference; lastKnownFileType = text.plist.entitlements; path = happer.entitlements; sourceTree = "<group>"; };
		FC0C70D81D90346F002AA0F6 /* AuthentInteractor.swift */ = {isa = PBXFileReference; fileEncoding = 4; lastKnownFileType = sourcecode.swift; path = AuthentInteractor.swift; sourceTree = "<group>"; };
		FC0C70DA1D903474002AA0F6 /* AuthentPresenter.swift */ = {isa = PBXFileReference; fileEncoding = 4; lastKnownFileType = sourcecode.swift; path = AuthentPresenter.swift; sourceTree = "<group>"; };
		FC0ED3741DA25AA200115DA2 /* Session.swift */ = {isa = PBXFileReference; fileEncoding = 4; lastKnownFileType = sourcecode.swift; path = Session.swift; sourceTree = "<group>"; };
		FC2292611DCA20EF00B42319 /* BaseMenuViewController.swift */ = {isa = PBXFileReference; fileEncoding = 4; lastKnownFileType = sourcecode.swift; path = BaseMenuViewController.swift; sourceTree = "<group>"; };
		FC2292631DCA215500B42319 /* MenuViewController.swift */ = {isa = PBXFileReference; fileEncoding = 4; lastKnownFileType = sourcecode.swift; path = MenuViewController.swift; sourceTree = "<group>"; };
		FC359A4B1D9A663000030C7D /* TaggableImageView.swift */ = {isa = PBXFileReference; fileEncoding = 4; lastKnownFileType = sourcecode.swift; path = TaggableImageView.swift; sourceTree = "<group>"; };
		FC4701811DA2A1A200417B81 /* ProductCircleVC.swift */ = {isa = PBXFileReference; fileEncoding = 4; lastKnownFileType = sourcecode.swift; path = ProductCircleVC.swift; sourceTree = "<group>"; };
		FC4701831DA2A39C00417B81 /* ProductVC.swift */ = {isa = PBXFileReference; fileEncoding = 4; lastKnownFileType = sourcecode.swift; path = ProductVC.swift; sourceTree = "<group>"; };
		FC4701851DA2A52600417B81 /* Product.storyboard */ = {isa = PBXFileReference; fileEncoding = 4; lastKnownFileType = file.storyboard; path = Product.storyboard; sourceTree = "<group>"; };
		FC57A93B1DA266F80023DF14 /* ProductWorker.swift */ = {isa = PBXFileReference; fileEncoding = 4; lastKnownFileType = sourcecode.swift; path = ProductWorker.swift; sourceTree = "<group>"; };
		FC664ECE1DA3A0BE00CEF9D8 /* MyRouter.swift */ = {isa = PBXFileReference; fileEncoding = 4; lastKnownFileType = sourcecode.swift; path = MyRouter.swift; sourceTree = "<group>"; };
		FC664ED01DA3DC0D00CEF9D8 /* ProductPageVC.swift */ = {isa = PBXFileReference; fileEncoding = 4; lastKnownFileType = sourcecode.swift; path = ProductPageVC.swift; sourceTree = "<group>"; };
		FC664ED21DA3DD5000CEF9D8 /* ProductCollectionViewCell.swift */ = {isa = PBXFileReference; fileEncoding = 4; lastKnownFileType = sourcecode.swift; path = ProductCollectionViewCell.swift; sourceTree = "<group>"; };
		FC6BE3AB1DA504EC003B733F /* ProductHeaderCollectionReusableView.swift */ = {isa = PBXFileReference; fileEncoding = 4; lastKnownFileType = sourcecode.swift; path = ProductHeaderCollectionReusableView.swift; sourceTree = "<group>"; };
		FC7C3BDC1DA28A0600014F6D /* ProductInteractor.swift */ = {isa = PBXFileReference; fileEncoding = 4; lastKnownFileType = sourcecode.swift; path = ProductInteractor.swift; sourceTree = "<group>"; };
		FC7C3BDD1DA28A0600014F6D /* ProductPresenter.swift */ = {isa = PBXFileReference; fileEncoding = 4; lastKnownFileType = sourcecode.swift; path = ProductPresenter.swift; sourceTree = "<group>"; };
		FC9ED5DB1D9BB8F5005F031C /* UserWorker.swift */ = {isa = PBXFileReference; fileEncoding = 4; lastKnownFileType = sourcecode.swift; path = UserWorker.swift; sourceTree = "<group>"; };
		FCC671A01DB618100093C592 /* SelfieViewController.swift */ = {isa = PBXFileReference; fileEncoding = 4; lastKnownFileType = sourcecode.swift; path = SelfieViewController.swift; sourceTree = "<group>"; };
		FCC671A41DB6514F0093C592 /* SelfieTagViewController.swift */ = {isa = PBXFileReference; fileEncoding = 4; lastKnownFileType = sourcecode.swift; path = SelfieTagViewController.swift; sourceTree = "<group>"; };
		FCC9B1AA1DD9BF8F00E1A0E3 /* NewsFeedInteractor.swift */ = {isa = PBXFileReference; fileEncoding = 4; lastKnownFileType = sourcecode.swift; path = NewsFeedInteractor.swift; sourceTree = "<group>"; };
		FCC9B1AC1DD9BF9D00E1A0E3 /* NewsFeedPresenter.swift */ = {isa = PBXFileReference; fileEncoding = 4; lastKnownFileType = sourcecode.swift; path = NewsFeedPresenter.swift; sourceTree = "<group>"; };
		FCC9B1AE1DD9BFAC00E1A0E3 /* NewsFeedWorker.swift */ = {isa = PBXFileReference; fileEncoding = 4; lastKnownFileType = sourcecode.swift; path = NewsFeedWorker.swift; sourceTree = "<group>"; };
		FCDC61AD1DAE2AF800A41003 /* BidView.swift */ = {isa = PBXFileReference; fileEncoding = 4; lastKnownFileType = sourcecode.swift; path = BidView.swift; sourceTree = "<group>"; };
		FCE4C7B81DC9F42600E023D8 /* ProductDetailsBidTableViewCell.swift */ = {isa = PBXFileReference; fileEncoding = 4; lastKnownFileType = sourcecode.swift; path = ProductDetailsBidTableViewCell.swift; sourceTree = "<group>"; };
		FCE4C7BA1DC9FA2200E023D8 /* ProductDetailsDescTableViewCell.swift */ = {isa = PBXFileReference; fileEncoding = 4; lastKnownFileType = sourcecode.swift; path = ProductDetailsDescTableViewCell.swift; sourceTree = "<group>"; };
		FCE4C7BC1DC9FF2800E023D8 /* ProductDetailsHeaderTableViewCell.swift */ = {isa = PBXFileReference; fileEncoding = 4; lastKnownFileType = sourcecode.swift; path = ProductDetailsHeaderTableViewCell.swift; sourceTree = "<group>"; };
		FCEF9EAD1D99045000CF3B95 /* DAL.swift */ = {isa = PBXFileReference; fileEncoding = 4; lastKnownFileType = sourcecode.swift; path = DAL.swift; sourceTree = "<group>"; };
		FCEF9EAE1D99045000CF3B95 /* DAL+Product.swift */ = {isa = PBXFileReference; fileEncoding = 4; lastKnownFileType = sourcecode.swift; path = "DAL+Product.swift"; sourceTree = "<group>"; };
		FCEF9EAF1D99045000CF3B95 /* DAL+Selfie.swift */ = {isa = PBXFileReference; fileEncoding = 4; lastKnownFileType = sourcecode.swift; path = "DAL+Selfie.swift"; sourceTree = "<group>"; };
		FCEF9EB01D99045000CF3B95 /* DAL+User.swift */ = {isa = PBXFileReference; fileEncoding = 4; lastKnownFileType = sourcecode.swift; path = "DAL+User.swift"; sourceTree = "<group>"; };
/* End PBXFileReference section */

/* Begin PBXFrameworksBuildPhase section */
		353C2B011D23E4ED009D7968 /* Frameworks */ = {
			isa = PBXFrameworksBuildPhase;
			buildActionMask = 2147483647;
			files = (
				60119B003DF617331FEA6318 /* Pods_happer.framework in Frameworks */,
			);
			runOnlyForDeploymentPostprocessing = 0;
		};
		353C2B151D23E4F0009D7968 /* Frameworks */ = {
			isa = PBXFrameworksBuildPhase;
			buildActionMask = 2147483647;
			files = (
				E6E4F02A18D487593E7C4F39 /* Pods_happerTests.framework in Frameworks */,
			);
			runOnlyForDeploymentPostprocessing = 0;
		};
/* End PBXFrameworksBuildPhase section */

/* Begin PBXGroup section */
		0BAB42950039E8CCEB935D45 /* Frameworks */ = {
			isa = PBXGroup;
			children = (
				381809FD96EFD4DD77C7A7EB /* Pods_happer.framework */,
				F63C602DCD4EAD0426741B82 /* Pods_happerTests.framework */,
			);
			name = Frameworks;
			sourceTree = "<group>";
		};
		353C2AFB1D23E4ED009D7968 = {
			isa = PBXGroup;
			children = (
				353C2B061D23E4EE009D7968 /* happer */,
				353C2B1B1D23E4F0009D7968 /* happerTests */,
				353C2B051D23E4ED009D7968 /* Products */,
				CDDD12447B344AB39F84CE6A /* Pods */,
				0BAB42950039E8CCEB935D45 /* Frameworks */,
			);
			sourceTree = "<group>";
		};
		353C2B051D23E4ED009D7968 /* Products */ = {
			isa = PBXGroup;
			children = (
				353C2B041D23E4ED009D7968 /* happer.app */,
				353C2B181D23E4F0009D7968 /* happerTests.xctest */,
			);
			name = Products;
			sourceTree = "<group>";
		};
		353C2B061D23E4EE009D7968 /* happer */ = {
			isa = PBXGroup;
			children = (
				FC06300C1DD0873900E1383B /* happer.entitlements */,
				55A6D1221DDDC9A70071C472 /* Fonts */,
				FCEF9EA41D99043000CF3B95 /* DAL */,
				FC0C70DC1D903476002AA0F6 /* Shared */,
				FC0C70D41D90343B002AA0F6 /* Authent */,
				FC47017E1DA2A09200417B81 /* Product */,
				FCC9B1A91DD9BF7800E1A0E3 /* News Feed */,
				35D4F1611D2547DB00BEA8E1 /* useClass */,
				35D4F14E1D240CA400BEA8E1 /* happies controllers */,
				35D4F1431D240A0000BEA8E1 /* userPage controllers */,
				353C2B271D23E68F009D7968 /* dataClasses */,
				55ED74D31D92E51200DCA3A6 /* Api */,
				353C2B0B1D23E4EE009D7968 /* Main.storyboard */,
				353C2B071D23E4EE009D7968 /* AppDelegate.swift */,
				353C2B0E1D23E4EE009D7968 /* Assets.xcassets */,
				353C2B101D23E4EE009D7968 /* LaunchScreen.storyboard */,
				353C2B131D23E4EE009D7968 /* Info.plist */,
				55015E561D9AB9700063459F /* SelfieWorker.swift */,
				35D4F13F1D2408E000BEA8E1 /* InspirationVC.swift */,
				3570469A1D549F20003F87DC /* SelfieDetailsVC.swift */,
				FC9ED5DB1D9BB8F5005F031C /* UserWorker.swift */,
				FC0ED3741DA25AA200115DA2 /* Session.swift */,
				FC664ECE1DA3A0BE00CEF9D8 /* MyRouter.swift */,
				FC2292611DCA20EF00B42319 /* BaseMenuViewController.swift */,
				FC2292631DCA215500B42319 /* MenuViewController.swift */,
			);
			path = happer;
			sourceTree = "<group>";
		};
		353C2B1B1D23E4F0009D7968 /* happerTests */ = {
			isa = PBXGroup;
			children = (
				353C2B1C1D23E4F0009D7968 /* happerTests.swift */,
				353C2B1E1D23E4F0009D7968 /* Info.plist */,
			);
			path = happerTests;
			sourceTree = "<group>";
		};
		353C2B271D23E68F009D7968 /* dataClasses */ = {
			isa = PBXGroup;
			children = (
				353C2B281D23E6EA009D7968 /* User.swift */,
				353C2B301D23F1D0009D7968 /* Selfie.swift */,
				353C2B321D23F53F009D7968 /* Product.swift */,
			);
			name = dataClasses;
			sourceTree = "<group>";
		};
		35D4F1431D240A0000BEA8E1 /* userPage controllers */ = {
			isa = PBXGroup;
			children = (
				FC05BA611D8987B900802025 /* UserPages.storyboard */,
				35D4F1441D240A3400BEA8E1 /* DressingVC.swift */,
				5521FC891D87116C002812C1 /* DressingCollectionViewCell.swift */,
				35D4F1461D240A4900BEA8E1 /* AccountVC.swift */,
			);
			name = "userPage controllers";
			sourceTree = "<group>";
		};
		35D4F14E1D240CA400BEA8E1 /* happies controllers */ = {
			isa = PBXGroup;
			children = (
				FC05BA5F1D8985A300802025 /* Happies.storyboard */,
				35D4F14F1D240CC000BEA8E1 /* HapplikeVC.swift */,
				55E189D51D74741300A4FF6F /* CropVC.swift */,
				55E189D71D74795700A4FF6F /* HashtagVC.swift */,
				35D4F1531D240CF700BEA8E1 /* FriendsVC.swift */,
				FCC671A01DB618100093C592 /* SelfieViewController.swift */,
				FCC671A41DB6514F0093C592 /* SelfieTagViewController.swift */,
			);
			name = "happies controllers";
			sourceTree = "<group>";
		};
		35D4F1611D2547DB00BEA8E1 /* useClass */ = {
			isa = PBXGroup;
			children = (
				35D4F1621D25482600BEA8E1 /* FBSDKLoginButtonFR.swift */,
				35D4F1641D26AE1F00BEA8E1 /* InspiClass.swift */,
				35D4F1661D26B5ED00BEA8E1 /* CategoryCell.swift */,
				3587981D1D2E5B710038AAA8 /* NewsFeedCell.swift */,
				557D4F511D50E708001D26BC /* MenuVC.swift */,
				357046921D50AD53003F87DC /* RatingControl.swift */,
				357046941D536E5D003F87DC /* HappieView.swift */,
				357046961D53867C003F87DC /* HapperLogo.swift */,
			);
			name = useClass;
			sourceTree = "<group>";
		};
		55A6D1221DDDC9A70071C472 /* Fonts */ = {
			isa = PBXGroup;
			children = (
				55A6D11A1DDDC98C0071C472 /* Didot.ttf */,
				55A6D11B1DDDC98C0071C472 /* FuturaStdMedium.otf */,
				55A6D11C1DDDC98C0071C472 /* NeutraTextBook.otf */,
				55A6D11D1DDDC98C0071C472 /* RemachineScript.ttf */,
			);
			name = Fonts;
			sourceTree = "<group>";
		};
		55ED74D31D92E51200DCA3A6 /* Api */ = {
			isa = PBXGroup;
			children = (
				55ED74D41D92E52F00DCA3A6 /* Api.swift */,
				55ED74D61D92E58200DCA3A6 /* Api+User.swift */,
				55ED74D81D92E5B100DCA3A6 /* Api+Selfie.swift */,
				55ED74DA1D92E6AF00DCA3A6 /* Api+Product.swift */,
			);
			name = Api;
			sourceTree = "<group>";
		};
		CDDD12447B344AB39F84CE6A /* Pods */ = {
			isa = PBXGroup;
			children = (
				C928F85F8DAE7B7DB97FFE0E /* Pods-happer.debug.xcconfig */,
				1AE68F8F3E77D14154054537 /* Pods-happer.release.xcconfig */,
				78E463FC25164351D218B324 /* Pods-happerTests.debug.xcconfig */,
				E53BCCF9E20D2B9C4FD67041 /* Pods-happerTests.release.xcconfig */,
			);
			name = Pods;
			sourceTree = "<group>";
		};
		FC0C70D41D90343B002AA0F6 /* Authent */ = {
			isa = PBXGroup;
			children = (
				FC0C70D51D903445002AA0F6 /* Interactor */,
				FC0C70D61D90344A002AA0F6 /* Presenter */,
				FC0C70D71D903451002AA0F6 /* View */,
			);
			name = Authent;
			sourceTree = "<group>";
		};
		FC0C70D51D903445002AA0F6 /* Interactor */ = {
			isa = PBXGroup;
			children = (
				FC0C70D81D90346F002AA0F6 /* AuthentInteractor.swift */,
			);
			name = Interactor;
			sourceTree = "<group>";
		};
		FC0C70D61D90344A002AA0F6 /* Presenter */ = {
			isa = PBXGroup;
			children = (
				FC0C70DA1D903474002AA0F6 /* AuthentPresenter.swift */,
			);
			name = Presenter;
			sourceTree = "<group>";
		};
		FC0C70D71D903451002AA0F6 /* View */ = {
			isa = PBXGroup;
			children = (
				FC05BA5D1D89841E00802025 /* Login.storyboard */,
				35D4F1391D24016E00BEA8E1 /* MainPageVC.swift */,
				35D4F13B1D24019A00BEA8E1 /* SignUpVC.swift */,
				35D4F13D1D2401C400BEA8E1 /* LoginVC.swift */,
			);
			name = View;
			sourceTree = "<group>";
		};
		FC0C70DC1D903476002AA0F6 /* Shared */ = {
			isa = PBXGroup;
			children = (
				FC359A4B1D9A663000030C7D /* TaggableImageView.swift */,
				FCDC61AD1DAE2AF800A41003 /* BidView.swift */,
				55DE4A8E1DDC841E00938995 /* BottomBorderedTextField.swift */,
			);
			name = Shared;
			sourceTree = "<group>";
		};
		FC47017E1DA2A09200417B81 /* Product */ = {
			isa = PBXGroup;
			children = (
				FC4701801DA2A0AD00417B81 /* View */,
				FC7C3BDC1DA28A0600014F6D /* ProductInteractor.swift */,
				FC7C3BDD1DA28A0600014F6D /* ProductPresenter.swift */,
				FC57A93B1DA266F80023DF14 /* ProductWorker.swift */,
			);
			name = Product;
			sourceTree = "<group>";
		};
		FC4701801DA2A0AD00417B81 /* View */ = {
			isa = PBXGroup;
			children = (
				FC4701851DA2A52600417B81 /* Product.storyboard */,
				FC4701811DA2A1A200417B81 /* ProductCircleVC.swift */,
				FC4701831DA2A39C00417B81 /* ProductVC.swift */,
				35D4F1571D240F1A00BEA8E1 /* ProductDetailsVC.swift */,
				FC664ED01DA3DC0D00CEF9D8 /* ProductPageVC.swift */,
				FC664ED21DA3DD5000CEF9D8 /* ProductCollectionViewCell.swift */,
				FC6BE3AB1DA504EC003B733F /* ProductHeaderCollectionReusableView.swift */,
				FCE4C7B81DC9F42600E023D8 /* ProductDetailsBidTableViewCell.swift */,
				FCE4C7BA1DC9FA2200E023D8 /* ProductDetailsDescTableViewCell.swift */,
				FCE4C7BC1DC9FF2800E023D8 /* ProductDetailsHeaderTableViewCell.swift */,
			);
			name = View;
			sourceTree = "<group>";
		};
		FCC9B1A91DD9BF7800E1A0E3 /* News Feed */ = {
			isa = PBXGroup;
			children = (
				35D4F1411D24099A00BEA8E1 /* NewsFeedVC.swift */,
				FCC9B1AA1DD9BF8F00E1A0E3 /* NewsFeedInteractor.swift */,
				FCC9B1AC1DD9BF9D00E1A0E3 /* NewsFeedPresenter.swift */,
				FCC9B1AE1DD9BFAC00E1A0E3 /* NewsFeedWorker.swift */,
			);
			name = "News Feed";
			sourceTree = "<group>";
		};
		FCEF9EA41D99043000CF3B95 /* DAL */ = {
			isa = PBXGroup;
			children = (
				FCEF9EAD1D99045000CF3B95 /* DAL.swift */,
				FCEF9EAE1D99045000CF3B95 /* DAL+Product.swift */,
				FCEF9EAF1D99045000CF3B95 /* DAL+Selfie.swift */,
				FCEF9EB01D99045000CF3B95 /* DAL+User.swift */,
			);
			name = DAL;
			sourceTree = "<group>";
		};
/* End PBXGroup section */

/* Begin PBXNativeTarget section */
		353C2B031D23E4ED009D7968 /* happer */ = {
			isa = PBXNativeTarget;
			buildConfigurationList = 353C2B211D23E4F0009D7968 /* Build configuration list for PBXNativeTarget "happer" */;
			buildPhases = (
				9A36A61492476A633D9825B9 /* [CP] Check Pods Manifest.lock */,
				353C2B001D23E4ED009D7968 /* Sources */,
				353C2B011D23E4ED009D7968 /* Frameworks */,
				353C2B021D23E4ED009D7968 /* Resources */,
				F1467F918043C87A24D2910D /* [CP] Embed Pods Frameworks */,
				E9A73919E28058A9E33798FF /* [CP] Copy Pods Resources */,
			);
			buildRules = (
			);
			dependencies = (
			);
			name = happer;
			productName = happer;
			productReference = 353C2B041D23E4ED009D7968 /* happer.app */;
			productType = "com.apple.product-type.application";
		};
		353C2B171D23E4F0009D7968 /* happerTests */ = {
			isa = PBXNativeTarget;
			buildConfigurationList = 353C2B241D23E4F0009D7968 /* Build configuration list for PBXNativeTarget "happerTests" */;
			buildPhases = (
				B0BCA11F4EF88D6E12D23AEE /* [CP] Check Pods Manifest.lock */,
				353C2B141D23E4F0009D7968 /* Sources */,
				353C2B151D23E4F0009D7968 /* Frameworks */,
				353C2B161D23E4F0009D7968 /* Resources */,
				C0062E60699E7D920C71091A /* [CP] Embed Pods Frameworks */,
				FE226E313DA74EE1211F1850 /* [CP] Copy Pods Resources */,
			);
			buildRules = (
			);
			dependencies = (
				353C2B1A1D23E4F0009D7968 /* PBXTargetDependency */,
			);
			name = happerTests;
			productName = happerTests;
			productReference = 353C2B181D23E4F0009D7968 /* happerTests.xctest */;
			productType = "com.apple.product-type.bundle.unit-test";
		};
/* End PBXNativeTarget section */

/* Begin PBXProject section */
		353C2AFC1D23E4ED009D7968 /* Project object */ = {
			isa = PBXProject;
			attributes = {
				LastSwiftUpdateCheck = 0730;
				LastUpgradeCheck = 0800;
				ORGANIZATIONNAME = mjosse;
				TargetAttributes = {
					353C2B031D23E4ED009D7968 = {
						CreatedOnToolsVersion = 7.3.1;
						SystemCapabilities = {
							com.apple.Push = {
								enabled = 0;
							};
						};
					};
					353C2B171D23E4F0009D7968 = {
						CreatedOnToolsVersion = 7.3.1;
						DevelopmentTeam = HWY6V6F9L7;
						TestTargetID = 353C2B031D23E4ED009D7968;
					};
				};
			};
			buildConfigurationList = 353C2AFF1D23E4ED009D7968 /* Build configuration list for PBXProject "happer" */;
			compatibilityVersion = "Xcode 3.2";
			developmentRegion = English;
			hasScannedForEncodings = 0;
			knownRegions = (
				en,
				Base,
			);
			mainGroup = 353C2AFB1D23E4ED009D7968;
			productRefGroup = 353C2B051D23E4ED009D7968 /* Products */;
			projectDirPath = "";
			projectRoot = "";
			targets = (
				353C2B031D23E4ED009D7968 /* happer */,
				353C2B171D23E4F0009D7968 /* happerTests */,
			);
		};
/* End PBXProject section */

/* Begin PBXResourcesBuildPhase section */
		353C2B021D23E4ED009D7968 /* Resources */ = {
			isa = PBXResourcesBuildPhase;
			buildActionMask = 2147483647;
			files = (
				55A6D11E1DDDC98C0071C472 /* Didot.ttf in Resources */,
				55A6D11F1DDDC98D0071C472 /* FuturaStdMedium.otf in Resources */,
				55A6D1201DDDC98D0071C472 /* NeutraTextBook.otf in Resources */,
				55A6D1211DDDC98D0071C472 /* RemachineScript.ttf in Resources */,
				FC05BA601D8985A300802025 /* Happies.storyboard in Resources */,
				FC05BA5E1D89841E00802025 /* Login.storyboard in Resources */,
				FC4701861DA2A52600417B81 /* Product.storyboard in Resources */,
				FC05BA621D8987B900802025 /* UserPages.storyboard in Resources */,
				353C2B121D23E4EE009D7968 /* LaunchScreen.storyboard in Resources */,
				353C2B0F1D23E4EE009D7968 /* Assets.xcassets in Resources */,
				353C2B0D1D23E4EE009D7968 /* Main.storyboard in Resources */,
			);
			runOnlyForDeploymentPostprocessing = 0;
		};
		353C2B161D23E4F0009D7968 /* Resources */ = {
			isa = PBXResourcesBuildPhase;
			buildActionMask = 2147483647;
			files = (
			);
			runOnlyForDeploymentPostprocessing = 0;
		};
/* End PBXResourcesBuildPhase section */

/* Begin PBXShellScriptBuildPhase section */
		9A36A61492476A633D9825B9 /* [CP] Check Pods Manifest.lock */ = {
			isa = PBXShellScriptBuildPhase;
			buildActionMask = 2147483647;
			files = (
			);
			inputPaths = (
			);
			name = "[CP] Check Pods Manifest.lock";
			outputPaths = (
			);
			runOnlyForDeploymentPostprocessing = 0;
			shellPath = /bin/sh;
			shellScript = "diff \"${PODS_ROOT}/../Podfile.lock\" \"${PODS_ROOT}/Manifest.lock\" > /dev/null\nif [ $? != 0 ] ; then\n    # print error to STDERR\n    echo \"error: The sandbox is not in sync with the Podfile.lock. Run 'pod install' or update your CocoaPods installation.\" >&2\n    exit 1\nfi\n";
			showEnvVarsInLog = 0;
		};
		B0BCA11F4EF88D6E12D23AEE /* [CP] Check Pods Manifest.lock */ = {
			isa = PBXShellScriptBuildPhase;
			buildActionMask = 2147483647;
			files = (
			);
			inputPaths = (
			);
			name = "[CP] Check Pods Manifest.lock";
			outputPaths = (
			);
			runOnlyForDeploymentPostprocessing = 0;
			shellPath = /bin/sh;
			shellScript = "diff \"${PODS_ROOT}/../Podfile.lock\" \"${PODS_ROOT}/Manifest.lock\" > /dev/null\nif [ $? != 0 ] ; then\n    # print error to STDERR\n    echo \"error: The sandbox is not in sync with the Podfile.lock. Run 'pod install' or update your CocoaPods installation.\" >&2\n    exit 1\nfi\n";
			showEnvVarsInLog = 0;
		};
		C0062E60699E7D920C71091A /* [CP] Embed Pods Frameworks */ = {
			isa = PBXShellScriptBuildPhase;
			buildActionMask = 2147483647;
			files = (
			);
			inputPaths = (
			);
			name = "[CP] Embed Pods Frameworks";
			outputPaths = (
			);
			runOnlyForDeploymentPostprocessing = 0;
			shellPath = /bin/sh;
			shellScript = "\"${SRCROOT}/Pods/Target Support Files/Pods-happerTests/Pods-happerTests-frameworks.sh\"\n";
			showEnvVarsInLog = 0;
		};
		E9A73919E28058A9E33798FF /* [CP] Copy Pods Resources */ = {
			isa = PBXShellScriptBuildPhase;
			buildActionMask = 2147483647;
			files = (
			);
			inputPaths = (
			);
			name = "[CP] Copy Pods Resources";
			outputPaths = (
			);
			runOnlyForDeploymentPostprocessing = 0;
			shellPath = /bin/sh;
			shellScript = "\"${SRCROOT}/Pods/Target Support Files/Pods-happer/Pods-happer-resources.sh\"\n";
			showEnvVarsInLog = 0;
		};
		F1467F918043C87A24D2910D /* [CP] Embed Pods Frameworks */ = {
			isa = PBXShellScriptBuildPhase;
			buildActionMask = 2147483647;
			files = (
			);
			inputPaths = (
			);
			name = "[CP] Embed Pods Frameworks";
			outputPaths = (
			);
			runOnlyForDeploymentPostprocessing = 0;
			shellPath = /bin/sh;
			shellScript = "\"${SRCROOT}/Pods/Target Support Files/Pods-happer/Pods-happer-frameworks.sh\"\n";
			showEnvVarsInLog = 0;
		};
		FE226E313DA74EE1211F1850 /* [CP] Copy Pods Resources */ = {
			isa = PBXShellScriptBuildPhase;
			buildActionMask = 2147483647;
			files = (
			);
			inputPaths = (
			);
			name = "[CP] Copy Pods Resources";
			outputPaths = (
			);
			runOnlyForDeploymentPostprocessing = 0;
			shellPath = /bin/sh;
			shellScript = "\"${SRCROOT}/Pods/Target Support Files/Pods-happerTests/Pods-happerTests-resources.sh\"\n";
			showEnvVarsInLog = 0;
		};
/* End PBXShellScriptBuildPhase section */

/* Begin PBXSourcesBuildPhase section */
		353C2B001D23E4ED009D7968 /* Sources */ = {
			isa = PBXSourcesBuildPhase;
			buildActionMask = 2147483647;
			files = (
				FC0C70DB1D903474002AA0F6 /* AuthentPresenter.swift in Sources */,
				FCEF9EB41D99045000CF3B95 /* DAL+User.swift in Sources */,
				FC664ED31DA3DD5000CEF9D8 /* ProductCollectionViewCell.swift in Sources */,
				55DE4A8F1DDC841E00938995 /* BottomBorderedTextField.swift in Sources */,
				35D4F1671D26B5ED00BEA8E1 /* CategoryCell.swift in Sources */,
				35D4F1541D240CF700BEA8E1 /* FriendsVC.swift in Sources */,
				FC4701821DA2A1A200417B81 /* ProductCircleVC.swift in Sources */,
				353C2B331D23F53F009D7968 /* Product.swift in Sources */,
				FCC671A51DB6514F0093C592 /* SelfieTagViewController.swift in Sources */,
				35D4F1501D240CC000BEA8E1 /* HapplikeVC.swift in Sources */,
				35D4F13C1D24019A00BEA8E1 /* SignUpVC.swift in Sources */,
				3570469B1D549F20003F87DC /* SelfieDetailsVC.swift in Sources */,
				FC9ED5DC1D9BB8F5005F031C /* UserWorker.swift in Sources */,
				35D4F13E1D2401C400BEA8E1 /* LoginVC.swift in Sources */,
				FCC9B1AD1DD9BF9D00E1A0E3 /* NewsFeedPresenter.swift in Sources */,
				55ED74D71D92E58200DCA3A6 /* Api+User.swift in Sources */,
				55ED74D91D92E5B100DCA3A6 /* Api+Selfie.swift in Sources */,
				35D4F1471D240A4900BEA8E1 /* AccountVC.swift in Sources */,
				FC7C3BDF1DA28A0600014F6D /* ProductPresenter.swift in Sources */,
				FC0ED3751DA25AA200115DA2 /* Session.swift in Sources */,
				357046971D53867C003F87DC /* HapperLogo.swift in Sources */,
				FC6BE3AC1DA504EC003B733F /* ProductHeaderCollectionReusableView.swift in Sources */,
				5521FC8A1D87116C002812C1 /* DressingCollectionViewCell.swift in Sources */,
				FC4701841DA2A39C00417B81 /* ProductVC.swift in Sources */,
				55ED74DB1D92E6AF00DCA3A6 /* Api+Product.swift in Sources */,
				FCE4C7B91DC9F42600E023D8 /* ProductDetailsBidTableViewCell.swift in Sources */,
				FC664ED11DA3DC0D00CEF9D8 /* ProductPageVC.swift in Sources */,
				FC57A93C1DA266F80023DF14 /* ProductWorker.swift in Sources */,
				353C2B291D23E6EA009D7968 /* User.swift in Sources */,
				FCEF9EB31D99045000CF3B95 /* DAL+Selfie.swift in Sources */,
				FCEF9EB21D99045000CF3B95 /* DAL+Product.swift in Sources */,
				FC664ECF1DA3A0BE00CEF9D8 /* MyRouter.swift in Sources */,
				FCE4C7BD1DC9FF2800E023D8 /* ProductDetailsHeaderTableViewCell.swift in Sources */,
				35D4F1581D240F1A00BEA8E1 /* ProductDetailsVC.swift in Sources */,
				357046931D50AD53003F87DC /* RatingControl.swift in Sources */,
				FCC9B1AF1DD9BFAC00E1A0E3 /* NewsFeedWorker.swift in Sources */,
				35D4F1401D2408E000BEA8E1 /* InspirationVC.swift in Sources */,
				FCEF9EB11D99045000CF3B95 /* DAL.swift in Sources */,
				35D4F1631D25482600BEA8E1 /* FBSDKLoginButtonFR.swift in Sources */,
				353C2B311D23F1D0009D7968 /* Selfie.swift in Sources */,
				35D4F13A1D24016E00BEA8E1 /* MainPageVC.swift in Sources */,
				35D4F1451D240A3400BEA8E1 /* DressingVC.swift in Sources */,
				35D4F1651D26AE1F00BEA8E1 /* InspiClass.swift in Sources */,
				FCE4C7BB1DC9FA2200E023D8 /* ProductDetailsDescTableViewCell.swift in Sources */,
				FCDC61AE1DAE2AF800A41003 /* BidView.swift in Sources */,
				557D4F521D50E708001D26BC /* MenuVC.swift in Sources */,
				FCC9B1AB1DD9BF8F00E1A0E3 /* NewsFeedInteractor.swift in Sources */,
				FCC671A11DB618100093C592 /* SelfieViewController.swift in Sources */,
				FC359A4C1D9A663000030C7D /* TaggableImageView.swift in Sources */,
				55015E571D9AB9700063459F /* SelfieWorker.swift in Sources */,
				55E189D81D74795700A4FF6F /* HashtagVC.swift in Sources */,
				FC0C70D91D90346F002AA0F6 /* AuthentInteractor.swift in Sources */,
				3587981E1D2E5B710038AAA8 /* NewsFeedCell.swift in Sources */,
				353C2B081D23E4EE009D7968 /* AppDelegate.swift in Sources */,
				357046951D536E5D003F87DC /* HappieView.swift in Sources */,
				55E189D61D74741300A4FF6F /* CropVC.swift in Sources */,
				FC2292641DCA215500B42319 /* MenuViewController.swift in Sources */,
				55ED74D51D92E52F00DCA3A6 /* Api.swift in Sources */,
				FC7C3BDE1DA28A0600014F6D /* ProductInteractor.swift in Sources */,
				FC2292621DCA20EF00B42319 /* BaseMenuViewController.swift in Sources */,
				35D4F1421D24099A00BEA8E1 /* NewsFeedVC.swift in Sources */,
			);
			runOnlyForDeploymentPostprocessing = 0;
		};
		353C2B141D23E4F0009D7968 /* Sources */ = {
			isa = PBXSourcesBuildPhase;
			buildActionMask = 2147483647;
			files = (
				353C2B1D1D23E4F0009D7968 /* happerTests.swift in Sources */,
			);
			runOnlyForDeploymentPostprocessing = 0;
		};
/* End PBXSourcesBuildPhase section */

/* Begin PBXTargetDependency section */
		353C2B1A1D23E4F0009D7968 /* PBXTargetDependency */ = {
			isa = PBXTargetDependency;
			target = 353C2B031D23E4ED009D7968 /* happer */;
			targetProxy = 353C2B191D23E4F0009D7968 /* PBXContainerItemProxy */;
		};
/* End PBXTargetDependency section */

/* Begin PBXVariantGroup section */
		353C2B0B1D23E4EE009D7968 /* Main.storyboard */ = {
			isa = PBXVariantGroup;
			children = (
				353C2B0C1D23E4EE009D7968 /* Base */,
			);
			name = Main.storyboard;
			sourceTree = "<group>";
		};
		353C2B101D23E4EE009D7968 /* LaunchScreen.storyboard */ = {
			isa = PBXVariantGroup;
			children = (
				353C2B111D23E4EE009D7968 /* Base */,
			);
			name = LaunchScreen.storyboard;
			sourceTree = "<group>";
		};
/* End PBXVariantGroup section */

/* Begin XCBuildConfiguration section */
		353C2B1F1D23E4F0009D7968 /* Debug */ = {
			isa = XCBuildConfiguration;
			buildSettings = {
				ALWAYS_SEARCH_USER_PATHS = NO;
				CLANG_ANALYZER_NONNULL = YES;
				CLANG_CXX_LANGUAGE_STANDARD = "gnu++0x";
				CLANG_CXX_LIBRARY = "libc++";
				CLANG_ENABLE_MODULES = YES;
				CLANG_ENABLE_OBJC_ARC = YES;
				CLANG_WARN_BOOL_CONVERSION = YES;
				CLANG_WARN_CONSTANT_CONVERSION = YES;
				CLANG_WARN_DIRECT_OBJC_ISA_USAGE = YES_ERROR;
				CLANG_WARN_EMPTY_BODY = YES;
				CLANG_WARN_ENUM_CONVERSION = YES;
				CLANG_WARN_INFINITE_RECURSION = YES;
				CLANG_WARN_INT_CONVERSION = YES;
				CLANG_WARN_OBJC_ROOT_CLASS = YES_ERROR;
				CLANG_WARN_SUSPICIOUS_MOVE = YES;
				CLANG_WARN_UNREACHABLE_CODE = YES;
				CLANG_WARN__DUPLICATE_METHOD_MATCH = YES;
				"CODE_SIGN_IDENTITY[sdk=iphoneos*]" = "iPhone Developer";
				COPY_PHASE_STRIP = NO;
				DEBUG_INFORMATION_FORMAT = dwarf;
				ENABLE_STRICT_OBJC_MSGSEND = YES;
				ENABLE_TESTABILITY = YES;
				GCC_C_LANGUAGE_STANDARD = gnu99;
				GCC_DYNAMIC_NO_PIC = NO;
				GCC_NO_COMMON_BLOCKS = YES;
				GCC_OPTIMIZATION_LEVEL = 0;
				GCC_PREPROCESSOR_DEFINITIONS = (
					"DEBUG=1",
					"$(inherited)",
				);
				GCC_WARN_64_TO_32_BIT_CONVERSION = YES;
				GCC_WARN_ABOUT_RETURN_TYPE = YES_ERROR;
				GCC_WARN_UNDECLARED_SELECTOR = YES;
				GCC_WARN_UNINITIALIZED_AUTOS = YES_AGGRESSIVE;
				GCC_WARN_UNUSED_FUNCTION = YES;
				GCC_WARN_UNUSED_VARIABLE = YES;
				IPHONEOS_DEPLOYMENT_TARGET = 9.3;
				MTL_ENABLE_DEBUG_INFO = YES;
				ONLY_ACTIVE_ARCH = YES;
				SDKROOT = iphoneos;
				SWIFT_OPTIMIZATION_LEVEL = "-Onone";
				SWIFT_VERSION = 2.3;
			};
			name = Debug;
		};
		353C2B201D23E4F0009D7968 /* Release */ = {
			isa = XCBuildConfiguration;
			buildSettings = {
				ALWAYS_SEARCH_USER_PATHS = NO;
				CLANG_ANALYZER_NONNULL = YES;
				CLANG_CXX_LANGUAGE_STANDARD = "gnu++0x";
				CLANG_CXX_LIBRARY = "libc++";
				CLANG_ENABLE_MODULES = YES;
				CLANG_ENABLE_OBJC_ARC = YES;
				CLANG_WARN_BOOL_CONVERSION = YES;
				CLANG_WARN_CONSTANT_CONVERSION = YES;
				CLANG_WARN_DIRECT_OBJC_ISA_USAGE = YES_ERROR;
				CLANG_WARN_EMPTY_BODY = YES;
				CLANG_WARN_ENUM_CONVERSION = YES;
				CLANG_WARN_INFINITE_RECURSION = YES;
				CLANG_WARN_INT_CONVERSION = YES;
				CLANG_WARN_OBJC_ROOT_CLASS = YES_ERROR;
				CLANG_WARN_SUSPICIOUS_MOVE = YES;
				CLANG_WARN_UNREACHABLE_CODE = YES;
				CLANG_WARN__DUPLICATE_METHOD_MATCH = YES;
				"CODE_SIGN_IDENTITY[sdk=iphoneos*]" = "iPhone Developer";
				COPY_PHASE_STRIP = NO;
				DEBUG_INFORMATION_FORMAT = "dwarf-with-dsym";
				ENABLE_NS_ASSERTIONS = NO;
				ENABLE_STRICT_OBJC_MSGSEND = YES;
				GCC_C_LANGUAGE_STANDARD = gnu99;
				GCC_NO_COMMON_BLOCKS = YES;
				GCC_WARN_64_TO_32_BIT_CONVERSION = YES;
				GCC_WARN_ABOUT_RETURN_TYPE = YES_ERROR;
				GCC_WARN_UNDECLARED_SELECTOR = YES;
				GCC_WARN_UNINITIALIZED_AUTOS = YES_AGGRESSIVE;
				GCC_WARN_UNUSED_FUNCTION = YES;
				GCC_WARN_UNUSED_VARIABLE = YES;
				IPHONEOS_DEPLOYMENT_TARGET = 9.3;
				MTL_ENABLE_DEBUG_INFO = NO;
				SDKROOT = iphoneos;
				SWIFT_OPTIMIZATION_LEVEL = "-Owholemodule";
				SWIFT_VERSION = 2.3;
				VALIDATE_PRODUCT = YES;
			};
			name = Release;
		};
		353C2B221D23E4F0009D7968 /* Debug */ = {
			isa = XCBuildConfiguration;
			baseConfigurationReference = C928F85F8DAE7B7DB97FFE0E /* Pods-happer.debug.xcconfig */;
			buildSettings = {
				ALWAYS_EMBED_SWIFT_STANDARD_LIBRARIES = YES;
				ASSETCATALOG_COMPILER_APPICON_NAME = AppIcon;
				CODE_SIGN_IDENTITY = "iPhone Developer";
				"CODE_SIGN_IDENTITY[sdk=iphoneos*]" = "iPhone Developer";
				DEVELOPMENT_TEAM = "";
				FRAMEWORK_SEARCH_PATHS = "$(inherited)";
				INFOPLIST_FILE = happer/Info.plist;
				LD_RUNPATH_SEARCH_PATHS = "$(inherited) @executable_path/Frameworks";
				PRODUCT_BUNDLE_IDENTIFIER = com.Josse.happer;
				PRODUCT_NAME = "$(TARGET_NAME)";
				PROVISIONING_PROFILE = "";
			};
			name = Debug;
		};
		353C2B231D23E4F0009D7968 /* Release */ = {
			isa = XCBuildConfiguration;
			baseConfigurationReference = 1AE68F8F3E77D14154054537 /* Pods-happer.release.xcconfig */;
			buildSettings = {
				ALWAYS_EMBED_SWIFT_STANDARD_LIBRARIES = YES;
				ASSETCATALOG_COMPILER_APPICON_NAME = AppIcon;
				CODE_SIGN_IDENTITY = "iPhone Developer";
				"CODE_SIGN_IDENTITY[sdk=iphoneos*]" = "iPhone Developer";
				DEVELOPMENT_TEAM = "";
				FRAMEWORK_SEARCH_PATHS = "$(inherited)";
				INFOPLIST_FILE = happer/Info.plist;
				LD_RUNPATH_SEARCH_PATHS = "$(inherited) @executable_path/Frameworks";
				PRODUCT_BUNDLE_IDENTIFIER = com.Josse.happer;
				PRODUCT_NAME = "$(TARGET_NAME)";
				PROVISIONING_PROFILE = "";
			};
			name = Release;
		};
		353C2B251D23E4F0009D7968 /* Debug */ = {
			isa = XCBuildConfiguration;
			baseConfigurationReference = 78E463FC25164351D218B324 /* Pods-happerTests.debug.xcconfig */;
			buildSettings = {
				BUNDLE_LOADER = "$(TEST_HOST)";
				DEVELOPMENT_TEAM = HWY6V6F9L7;
				INFOPLIST_FILE = happerTests/Info.plist;
				LD_RUNPATH_SEARCH_PATHS = "$(inherited) @executable_path/Frameworks @loader_path/Frameworks";
				PRODUCT_BUNDLE_IDENTIFIER = com.Josse.happerTests;
				PRODUCT_NAME = "$(TARGET_NAME)";
				TEST_HOST = "$(BUILT_PRODUCTS_DIR)/happer.app/happer";
			};
			name = Debug;
		};
		353C2B261D23E4F0009D7968 /* Release */ = {
			isa = XCBuildConfiguration;
			baseConfigurationReference = E53BCCF9E20D2B9C4FD67041 /* Pods-happerTests.release.xcconfig */;
			buildSettings = {
				BUNDLE_LOADER = "$(TEST_HOST)";
				DEVELOPMENT_TEAM = HWY6V6F9L7;
				INFOPLIST_FILE = happerTests/Info.plist;
				LD_RUNPATH_SEARCH_PATHS = "$(inherited) @executable_path/Frameworks @loader_path/Frameworks";
				PRODUCT_BUNDLE_IDENTIFIER = com.Josse.happerTests;
				PRODUCT_NAME = "$(TARGET_NAME)";
				TEST_HOST = "$(BUILT_PRODUCTS_DIR)/happer.app/happer";
			};
			name = Release;
		};
/* End XCBuildConfiguration section */

/* Begin XCConfigurationList section */
		353C2AFF1D23E4ED009D7968 /* Build configuration list for PBXProject "happer" */ = {
			isa = XCConfigurationList;
			buildConfigurations = (
				353C2B1F1D23E4F0009D7968 /* Debug */,
				353C2B201D23E4F0009D7968 /* Release */,
			);
			defaultConfigurationIsVisible = 0;
			defaultConfigurationName = Release;
		};
		353C2B211D23E4F0009D7968 /* Build configuration list for PBXNativeTarget "happer" */ = {
			isa = XCConfigurationList;
			buildConfigurations = (
				353C2B221D23E4F0009D7968 /* Debug */,
				353C2B231D23E4F0009D7968 /* Release */,
			);
			defaultConfigurationIsVisible = 0;
			defaultConfigurationName = Release;
		};
		353C2B241D23E4F0009D7968 /* Build configuration list for PBXNativeTarget "happerTests" */ = {
			isa = XCConfigurationList;
			buildConfigurations = (
				353C2B251D23E4F0009D7968 /* Debug */,
				353C2B261D23E4F0009D7968 /* Release */,
			);
			defaultConfigurationIsVisible = 0;
			defaultConfigurationName = Release;
		};
/* End XCConfigurationList section */
	};
	rootObject = 353C2AFC1D23E4ED009D7968 /* Project object */;
}
